
Microsoft Visual Studio Solution File, Format Version 12.00
# Visual Studio Version 17
VisualStudioVersion = 17.8.34309.116
MinimumVisualStudioVersion = 10.0.40219.1
Project("{FAE04EC0-301F-11D3-BF4B-00C04F79EFBC}") = "Project1", "Project1.csproj", "{07172FD2-08F9-4630-91D8-1BD16EBEA26A}"
EndProject
Global
	GlobalSection(SolutionConfigurationPlatforms) = preSolution
		Debug|Any CPU = Debug|Any CPU
		Release|Any CPU = Release|Any CPU
	EndGlobalSection
	GlobalSection(ProjectConfigurationPlatforms) = postSolution
		{07172FD2-08F9-4630-91D8-1BD16EBEA26A}.Debug|Any CPU.ActiveCfg = Debug|Any CPU
		{07172FD2-08F9-4630-91D8-1BD16EBEA26A}.Debug|Any CPU.Build.0 = Debug|Any CPU
		{07172FD2-08F9-4630-91D8-1BD16EBEA26A}.Release|Any CPU.ActiveCfg = Release|Any CPU
		{07172FD2-08F9-4630-91D8-1BD16EBEA26A}.Release|Any CPU.Build.0 = Release|Any CPU
	EndGlobalSection
	GlobalSection(SolutionProperties) = preSolution
		HideSolutionNode = FALSE
	EndGlobalSection
	GlobalSection(ExtensibilityGlobals) = postSolution
		SolutionGuid = {010830B6-03FF-4981-ACBF-8DF149E3D1B3}
	EndGlobalSection
EndGlobal
